
Microsoft Visual Studio Solution File, Format Version 12.00
# Visual Studio Version 16
VisualStudioVersion = 16.0.30503.244
MinimumVisualStudioVersion = 10.0.40219.1
Project("{9A19103F-16F7-4668-BE54-9A1E7A4F7556}") = "Lab1", "Lab1\Lab1.csproj", "{6B80E374-D518-411E-9FAE-31A451A9ED33}"
EndProject
Project("{9A19103F-16F7-4668-BE54-9A1E7A4F7556}") = "Lab2", "Lab2\Lab2.csproj", "{DFA268DE-6F18-4997-A6FE-DC19C938DEC5}"
EndProject
Project("{9A19103F-16F7-4668-BE54-9A1E7A4F7556}") = "Lab3", "Lab3\Lab3.csproj", "{EFA675E0-963C-452F-AAD5-79DBF6A6F284}"
EndProject
Project("{9A19103F-16F7-4668-BE54-9A1E7A4F7556}") = "Lab8", "Lab8\Lab8.csproj", "{BA84F5E8-2A59-426C-B94A-EAE4F5A91B1A}"
EndProject
Project("{FAE04EC0-301F-11D3-BF4B-00C04F79EFBC}") = "Lab4", "Lab4\Lab4.csproj", "{0E7BB769-6A49-4A2D-A259-78B01934B337}"
EndProject
Global
	GlobalSection(SolutionConfigurationPlatforms) = preSolution
		Debug|Any CPU = Debug|Any CPU
		Release|Any CPU = Release|Any CPU
	EndGlobalSection
	GlobalSection(ProjectConfigurationPlatforms) = postSolution
		{6B80E374-D518-411E-9FAE-31A451A9ED33}.Debug|Any CPU.ActiveCfg = Debug|Any CPU
		{6B80E374-D518-411E-9FAE-31A451A9ED33}.Debug|Any CPU.Build.0 = Debug|Any CPU
		{6B80E374-D518-411E-9FAE-31A451A9ED33}.Release|Any CPU.ActiveCfg = Release|Any CPU
		{6B80E374-D518-411E-9FAE-31A451A9ED33}.Release|Any CPU.Build.0 = Release|Any CPU
		{DFA268DE-6F18-4997-A6FE-DC19C938DEC5}.Debug|Any CPU.ActiveCfg = Debug|Any CPU
		{DFA268DE-6F18-4997-A6FE-DC19C938DEC5}.Debug|Any CPU.Build.0 = Debug|Any CPU
		{DFA268DE-6F18-4997-A6FE-DC19C938DEC5}.Release|Any CPU.ActiveCfg = Release|Any CPU
		{DFA268DE-6F18-4997-A6FE-DC19C938DEC5}.Release|Any CPU.Build.0 = Release|Any CPU
		{EFA675E0-963C-452F-AAD5-79DBF6A6F284}.Debug|Any CPU.ActiveCfg = Debug|Any CPU
		{EFA675E0-963C-452F-AAD5-79DBF6A6F284}.Debug|Any CPU.Build.0 = Debug|Any CPU
		{EFA675E0-963C-452F-AAD5-79DBF6A6F284}.Release|Any CPU.ActiveCfg = Release|Any CPU
		{EFA675E0-963C-452F-AAD5-79DBF6A6F284}.Release|Any CPU.Build.0 = Release|Any CPU
		{BA84F5E8-2A59-426C-B94A-EAE4F5A91B1A}.Debug|Any CPU.ActiveCfg = Debug|Any CPU
		{BA84F5E8-2A59-426C-B94A-EAE4F5A91B1A}.Debug|Any CPU.Build.0 = Debug|Any CPU
		{BA84F5E8-2A59-426C-B94A-EAE4F5A91B1A}.Release|Any CPU.ActiveCfg = Release|Any CPU
		{BA84F5E8-2A59-426C-B94A-EAE4F5A91B1A}.Release|Any CPU.Build.0 = Release|Any CPU
		{0E7BB769-6A49-4A2D-A259-78B01934B337}.Debug|Any CPU.ActiveCfg = Debug|Any CPU
		{0E7BB769-6A49-4A2D-A259-78B01934B337}.Debug|Any CPU.Build.0 = Debug|Any CPU
		{0E7BB769-6A49-4A2D-A259-78B01934B337}.Release|Any CPU.ActiveCfg = Release|Any CPU
		{0E7BB769-6A49-4A2D-A259-78B01934B337}.Release|Any CPU.Build.0 = Release|Any CPU
	EndGlobalSection
	GlobalSection(SolutionProperties) = preSolution
		HideSolutionNode = FALSE
	EndGlobalSection
	GlobalSection(ExtensibilityGlobals) = postSolution
		SolutionGuid = {B5EC20B4-C6AD-4386-9672-5F83C5690401}
	EndGlobalSection
EndGlobal
